
Microsoft Visual Studio Solution File, Format Version 12.00
# Visual Studio Version 17
VisualStudioVersion = 17.9.34607.119
MinimumVisualStudioVersion = 10.0.40219.1
Project("{FAE04EC0-301F-11D3-BF4B-00C04F79EFBC}") = "TaskManager", "TaskManager\TaskManager.csproj", "{D308A861-1CBD-46E3-A089-B91F90ECE43A}"
	ProjectSection(ProjectDependencies) = postProject
		{0228D203-6ACA-4173-9FD7-44888E54E741} = {0228D203-6ACA-4173-9FD7-44888E54E741}
	EndProjectSection
EndProject
Project("{FAE04EC0-301F-11D3-BF4B-00C04F79EFBC}") = "Model", "Model\Model.csproj", "{0228D203-6ACA-4173-9FD7-44888E54E741}"
EndProject
Project("{FAE04EC0-301F-11D3-BF4B-00C04F79EFBC}") = "Services", "Services\Services.csproj", "{20C9D435-15C5-4799-8C90-2DFF449C7CDF}"
EndProject
Global
	GlobalSection(SolutionConfigurationPlatforms) = preSolution
		Debug|Any CPU = Debug|Any CPU
		Release|Any CPU = Release|Any CPU
	EndGlobalSection
	GlobalSection(ProjectConfigurationPlatforms) = postSolution
		{D308A861-1CBD-46E3-A089-B91F90ECE43A}.Debug|Any CPU.ActiveCfg = Debug|Any CPU
		{D308A861-1CBD-46E3-A089-B91F90ECE43A}.Debug|Any CPU.Build.0 = Debug|Any CPU
		{D308A861-1CBD-46E3-A089-B91F90ECE43A}.Release|Any CPU.ActiveCfg = Release|Any CPU
		{D308A861-1CBD-46E3-A089-B91F90ECE43A}.Release|Any CPU.Build.0 = Release|Any CPU
		{0228D203-6ACA-4173-9FD7-44888E54E741}.Debug|Any CPU.ActiveCfg = Debug|Any CPU
		{0228D203-6ACA-4173-9FD7-44888E54E741}.Debug|Any CPU.Build.0 = Debug|Any CPU
		{0228D203-6ACA-4173-9FD7-44888E54E741}.Release|Any CPU.ActiveCfg = Release|Any CPU
		{0228D203-6ACA-4173-9FD7-44888E54E741}.Release|Any CPU.Build.0 = Release|Any CPU
		{20C9D435-15C5-4799-8C90-2DFF449C7CDF}.Debug|Any CPU.ActiveCfg = Debug|Any CPU
		{20C9D435-15C5-4799-8C90-2DFF449C7CDF}.Debug|Any CPU.Build.0 = Debug|Any CPU
		{20C9D435-15C5-4799-8C90-2DFF449C7CDF}.Release|Any CPU.ActiveCfg = Release|Any CPU
		{20C9D435-15C5-4799-8C90-2DFF449C7CDF}.Release|Any CPU.Build.0 = Release|Any CPU
	EndGlobalSection
	GlobalSection(SolutionProperties) = preSolution
		HideSolutionNode = FALSE
	EndGlobalSection
	GlobalSection(ExtensibilityGlobals) = postSolution
		SolutionGuid = {9496E43F-217C-4F6D-A34C-86FD7579DA3E}
	EndGlobalSection
EndGlobal
